# generated by rye
# use `rye lock` or `rye sync` to update this lockfile
#
# last locked with the following flags:
#   pre: false
#   features: []
#   all-features: false
#   with-sources: false
#   generate-hashes: false
#   universal: false

-e file:.
certifi==2023.11.17
    # via requests
cfgv==3.4.0
    # via pre-commit
charset-normalizer==3.3.2
    # via requests
distlib==0.3.8
    # via virtualenv
exceptiongroup==1.2.0
    # via pytest
filelock==3.13.1
    # via virtualenv
identify==2.5.33
    # via pre-commit
idna==3.6
    # via requests
iniconfig==2.0.0
    # via pytest
lxml==5.3.0
    # via ipush
nodeenv==1.8.0
    # via pre-commit
packaging==23.2
    # via pytest
platformdirs==4.1.0
    # via virtualenv
pluggy==1.5.0
    # via pytest
pre-commit==4.0.1
pytest==8.3.4
pyyaml==6.0.1
    # via pre-commit
requests==2.31.0
    # via ipush
ruff==0.1.9
setuptools==69.0.3
    # via nodeenv
tomli==2.0.1
    # via pytest
urllib3==2.1.0
    # via requests
virtualenv==20.25.0
    # via pre-commit
